// !$*UTF8*$!
{
	archiveVersion = 1;
	classes = {
	};
	objectVersion = 50;
	objects = {

/* Begin PBXBuildFile section */
		0D6B47C9264E9E06009CDB7C /* AppDelegate.swift in Sources */ = {isa = PBXBuildFile; fileRef = 0D6B47C8264E9E06009CDB7C /* AppDelegate.swift */; };
		0D6B47CB264E9E06009CDB7C /* SceneDelegate.swift in Sources */ = {isa = PBXBuildFile; fileRef = 0D6B47CA264E9E06009CDB7C /* SceneDelegate.swift */; };
		0D6B47CD264E9E06009CDB7C /* CountriesAndCapitalsViewController.swift in Sources */ = {isa = PBXBuildFile; fileRef = 0D6B47CC264E9E06009CDB7C /* CountriesAndCapitalsViewController.swift */; };
		0D6B47D2264E9E07009CDB7C /* Assets.xcassets in Resources */ = {isa = PBXBuildFile; fileRef = 0D6B47D1264E9E07009CDB7C /* Assets.xcassets */; };
		0D6B47D5264E9E07009CDB7C /* LaunchScreen.storyboard in Resources */ = {isa = PBXBuildFile; fileRef = 0D6B47D3264E9E07009CDB7C /* LaunchScreen.storyboard */; };
		0D6B47EB264E9E07009CDB7C /* CountriesAndCapitalsUITests.swift in Sources */ = {isa = PBXBuildFile; fileRef = 0D6B47EA264E9E07009CDB7C /* CountriesAndCapitalsUITests.swift */; };
		0DA9707A264EA50E0070CBF6 /* CountryNetworkService.swift in Sources */ = {isa = PBXBuildFile; fileRef = 0DA97079264EA50E0070CBF6 /* CountryNetworkService.swift */; };
		AD602279266A519F007FD591 /* CountriesAndCapitalViewModelTests.swift in Sources */ = {isa = PBXBuildFile; fileRef = AD602278266A519F007FD591 /* CountriesAndCapitalViewModelTests.swift */; };
		ADFA39142669B05B009A0859 /* AppFlowCoordinator.swift in Sources */ = {isa = PBXBuildFile; fileRef = ADFA39132669B05B009A0859 /* AppFlowCoordinator.swift */; };
		ADFA39222669B5FE009A0859 /* Country.swift in Sources */ = {isa = PBXBuildFile; fileRef = ADFA39212669B5FE009A0859 /* Country.swift */; };
		ADFA39292669B877009A0859 /* CountriesUseCase.swift in Sources */ = {isa = PBXBuildFile; fileRef = ADFA39282669B877009A0859 /* CountriesUseCase.swift */; };
		ADFA392B2669B87E009A0859 /* Repositories.swift in Sources */ = {isa = PBXBuildFile; fileRef = ADFA392A2669B87E009A0859 /* Repositories.swift */; };
		ADFA39312669B8FD009A0859 /* CountryResponse.swift in Sources */ = {isa = PBXBuildFile; fileRef = ADFA39302669B8FD009A0859 /* CountryResponse.swift */; };
		ADFA39352669BB15009A0859 /* CountryRepository.swift in Sources */ = {isa = PBXBuildFile; fileRef = ADFA39342669BB15009A0859 /* CountryRepository.swift */; };
		ADFA39372669CC85009A0859 /* CountriesAndCapitalViewModel.swift in Sources */ = {isa = PBXBuildFile; fileRef = ADFA39362669CC85009A0859 /* CountriesAndCapitalViewModel.swift */; };
		ADFA393A2669CCB7009A0859 /* DIContainer.swift in Sources */ = {isa = PBXBuildFile; fileRef = ADFA39392669CCB7009A0859 /* DIContainer.swift */; };
		ADFA393C266A3C04009A0859 /* CountriesCollCell.swift in Sources */ = {isa = PBXBuildFile; fileRef = ADFA393B266A3C04009A0859 /* CountriesCollCell.swift */; };
		ADFA3940266A3FF9009A0859 /* UICollectionView+Ext.swift in Sources */ = {isa = PBXBuildFile; fileRef = ADFA393F266A3FF9009A0859 /* UICollectionView+Ext.swift */; };
		ADFA3944266A43FC009A0859 /* CountriesShareView.swift in Sources */ = {isa = PBXBuildFile; fileRef = ADFA3943266A43FC009A0859 /* CountriesShareView.swift */; };
		ADFA3947266A4587009A0859 /* Observable.swift in Sources */ = {isa = PBXBuildFile; fileRef = ADFA3946266A4587009A0859 /* Observable.swift */; };
		ADFA394B266A496F009A0859 /* CountriesUseCaseTests.swift in Sources */ = {isa = PBXBuildFile; fileRef = ADFA394A266A496F009A0859 /* CountriesUseCaseTests.swift */; };
/* End PBXBuildFile section */

/* Begin PBXContainerItemProxy section */
		0D6B47DC264E9E07009CDB7C /* PBXContainerItemProxy */ = {
			isa = PBXContainerItemProxy;
			containerPortal = 0D6B47BD264E9E06009CDB7C /* Project object */;
			proxyType = 1;
			remoteGlobalIDString = 0D6B47C4264E9E06009CDB7C;
			remoteInfo = CountriesAndCapitals;
		};
		0D6B47E7264E9E07009CDB7C /* PBXContainerItemProxy */ = {
			isa = PBXContainerItemProxy;
			containerPortal = 0D6B47BD264E9E06009CDB7C /* Project object */;
			proxyType = 1;
			remoteGlobalIDString = 0D6B47C4264E9E06009CDB7C;
			remoteInfo = CountriesAndCapitals;
		};
/* End PBXContainerItemProxy section */

/* Begin PBXFileReference section */
		0D6B47C5264E9E06009CDB7C /* CountriesAndCapitals.app */ = {isa = PBXFileReference; explicitFileType = wrapper.application; includeInIndex = 0; path = CountriesAndCapitals.app; sourceTree = BUILT_PRODUCTS_DIR; };
		0D6B47C8264E9E06009CDB7C /* AppDelegate.swift */ = {isa = PBXFileReference; lastKnownFileType = sourcecode.swift; path = AppDelegate.swift; sourceTree = "<group>"; };
		0D6B47CA264E9E06009CDB7C /* SceneDelegate.swift */ = {isa = PBXFileReference; lastKnownFileType = sourcecode.swift; path = SceneDelegate.swift; sourceTree = "<group>"; };
		0D6B47CC264E9E06009CDB7C /* CountriesAndCapitalsViewController.swift */ = {isa = PBXFileReference; lastKnownFileType = sourcecode.swift; path = CountriesAndCapitalsViewController.swift; sourceTree = "<group>"; };
		0D6B47D1264E9E07009CDB7C /* Assets.xcassets */ = {isa = PBXFileReference; lastKnownFileType = folder.assetcatalog; path = Assets.xcassets; sourceTree = "<group>"; };
		0D6B47D4264E9E07009CDB7C /* Base */ = {isa = PBXFileReference; lastKnownFileType = file.storyboard; name = Base; path = Base.lproj/LaunchScreen.storyboard; sourceTree = "<group>"; };
		0D6B47D6264E9E07009CDB7C /* Info.plist */ = {isa = PBXFileReference; lastKnownFileType = text.plist.xml; path = Info.plist; sourceTree = "<group>"; };
		0D6B47DB264E9E07009CDB7C /* CountriesAndCapitalsTests.xctest */ = {isa = PBXFileReference; explicitFileType = wrapper.cfbundle; includeInIndex = 0; path = CountriesAndCapitalsTests.xctest; sourceTree = BUILT_PRODUCTS_DIR; };
		0D6B47E1264E9E07009CDB7C /* Info.plist */ = {isa = PBXFileReference; lastKnownFileType = text.plist.xml; path = Info.plist; sourceTree = "<group>"; };
		0D6B47E6264E9E07009CDB7C /* CountriesAndCapitalsUITests.xctest */ = {isa = PBXFileReference; explicitFileType = wrapper.cfbundle; includeInIndex = 0; path = CountriesAndCapitalsUITests.xctest; sourceTree = BUILT_PRODUCTS_DIR; };
		0D6B47EA264E9E07009CDB7C /* CountriesAndCapitalsUITests.swift */ = {isa = PBXFileReference; lastKnownFileType = sourcecode.swift; path = CountriesAndCapitalsUITests.swift; sourceTree = "<group>"; };
		0D6B47EC264E9E07009CDB7C /* Info.plist */ = {isa = PBXFileReference; lastKnownFileType = text.plist.xml; path = Info.plist; sourceTree = "<group>"; };
		0DA97079264EA50E0070CBF6 /* CountryNetworkService.swift */ = {isa = PBXFileReference; lastKnownFileType = sourcecode.swift; path = CountryNetworkService.swift; sourceTree = "<group>"; };
		AD336B644CE2D6FE2E88E182 /* Pods_CountriesAndCapitals.framework */ = {isa = PBXFileReference; explicitFileType = wrapper.framework; includeInIndex = 0; path = Pods_CountriesAndCapitals.framework; sourceTree = BUILT_PRODUCTS_DIR; };
		AD602278266A519F007FD591 /* CountriesAndCapitalViewModelTests.swift */ = {isa = PBXFileReference; lastKnownFileType = sourcecode.swift; path = CountriesAndCapitalViewModelTests.swift; sourceTree = "<group>"; };
		ADFA39132669B05B009A0859 /* AppFlowCoordinator.swift */ = {isa = PBXFileReference; lastKnownFileType = sourcecode.swift; path = AppFlowCoordinator.swift; sourceTree = "<group>"; };
		ADFA39212669B5FE009A0859 /* Country.swift */ = {isa = PBXFileReference; lastKnownFileType = sourcecode.swift; path = Country.swift; sourceTree = "<group>"; };
		ADFA39282669B877009A0859 /* CountriesUseCase.swift */ = {isa = PBXFileReference; fileEncoding = 4; lastKnownFileType = sourcecode.swift; path = CountriesUseCase.swift; sourceTree = "<group>"; };
		ADFA392A2669B87E009A0859 /* Repositories.swift */ = {isa = PBXFileReference; fileEncoding = 4; lastKnownFileType = sourcecode.swift; path = Repositories.swift; sourceTree = "<group>"; };
		ADFA39302669B8FD009A0859 /* CountryResponse.swift */ = {isa = PBXFileReference; lastKnownFileType = sourcecode.swift; path = CountryResponse.swift; sourceTree = "<group>"; };
		ADFA39342669BB15009A0859 /* CountryRepository.swift */ = {isa = PBXFileReference; lastKnownFileType = sourcecode.swift; path = CountryRepository.swift; sourceTree = "<group>"; };
		ADFA39362669CC85009A0859 /* CountriesAndCapitalViewModel.swift */ = {isa = PBXFileReference; lastKnownFileType = sourcecode.swift; path = CountriesAndCapitalViewModel.swift; sourceTree = "<group>"; };
		ADFA39392669CCB7009A0859 /* DIContainer.swift */ = {isa = PBXFileReference; lastKnownFileType = sourcecode.swift; path = DIContainer.swift; sourceTree = "<group>"; };
		ADFA393B266A3C04009A0859 /* CountriesCollCell.swift */ = {isa = PBXFileReference; lastKnownFileType = sourcecode.swift; path = CountriesCollCell.swift; sourceTree = "<group>"; };
		ADFA393F266A3FF9009A0859 /* UICollectionView+Ext.swift */ = {isa = PBXFileReference; lastKnownFileType = sourcecode.swift; path = "UICollectionView+Ext.swift"; sourceTree = "<group>"; };
		ADFA3943266A43FC009A0859 /* CountriesShareView.swift */ = {isa = PBXFileReference; lastKnownFileType = sourcecode.swift; path = CountriesShareView.swift; sourceTree = "<group>"; };
		ADFA3946266A4587009A0859 /* Observable.swift */ = {isa = PBXFileReference; lastKnownFileType = sourcecode.swift; path = Observable.swift; sourceTree = "<group>"; };
		ADFA394A266A496F009A0859 /* CountriesUseCaseTests.swift */ = {isa = PBXFileReference; lastKnownFileType = sourcecode.swift; path = CountriesUseCaseTests.swift; sourceTree = "<group>"; };
/* End PBXFileReference section */

/* Begin PBXFrameworksBuildPhase section */
		0D6B47C2264E9E06009CDB7C /* Frameworks */ = {
			isa = PBXFrameworksBuildPhase;
			buildActionMask = 2147483647;
			files = (
			);
			runOnlyForDeploymentPostprocessing = 0;
		};
		0D6B47D8264E9E07009CDB7C /* Frameworks */ = {
			isa = PBXFrameworksBuildPhase;
			buildActionMask = 2147483647;
			files = (
			);
			runOnlyForDeploymentPostprocessing = 0;
		};
		0D6B47E3264E9E07009CDB7C /* Frameworks */ = {
			isa = PBXFrameworksBuildPhase;
			buildActionMask = 2147483647;
			files = (
			);
			runOnlyForDeploymentPostprocessing = 0;
		};
/* End PBXFrameworksBuildPhase section */

/* Begin PBXGroup section */
		0D6B47BC264E9E06009CDB7C = {
			isa = PBXGroup;
			children = (
				0D6B47C7264E9E06009CDB7C /* CountriesAndCapitals */,
				0D6B47DE264E9E07009CDB7C /* CountriesAndCapitalsTests */,
				0D6B47E9264E9E07009CDB7C /* CountriesAndCapitalsUITests */,
				0D6B47C6264E9E06009CDB7C /* Products */,
				E761905F9D62DAEA2C6E5B7E /* Frameworks */,
			);
			sourceTree = "<group>";
		};
		0D6B47C6264E9E06009CDB7C /* Products */ = {
			isa = PBXGroup;
			children = (
				0D6B47C5264E9E06009CDB7C /* CountriesAndCapitals.app */,
				0D6B47DB264E9E07009CDB7C /* CountriesAndCapitalsTests.xctest */,
				0D6B47E6264E9E07009CDB7C /* CountriesAndCapitalsUITests.xctest */,
			);
			name = Products;
			sourceTree = "<group>";
		};
		0D6B47C7264E9E06009CDB7C /* CountriesAndCapitals */ = {
			isa = PBXGroup;
			children = (
				ADFA3945266A457B009A0859 /* Utils */,
				ADFA393D266A3FDC009A0859 /* Shared */,
				ADFA391D2669B57B009A0859 /* Support */,
				ADFA39122669B04B009A0859 /* Application */,
				ADFA391F2669B5CF009A0859 /* Data */,
				ADFA391E2669B5C3009A0859 /* Domain */,
				ADFA39152669B13B009A0859 /* Presentation */,
				ADFA39382669CCAE009A0859 /* DI */,
				0D6B47D6264E9E07009CDB7C /* Info.plist */,
			);
			path = CountriesAndCapitals;
			sourceTree = "<group>";
		};
		0D6B47DE264E9E07009CDB7C /* CountriesAndCapitalsTests */ = {
			isa = PBXGroup;
			children = (
				AD602275266A517B007FD591 /* Presentation */,
				ADFA3948266A4951009A0859 /* Domain */,
				0D6B47E1264E9E07009CDB7C /* Info.plist */,
			);
			path = CountriesAndCapitalsTests;
			sourceTree = "<group>";
		};
		0D6B47E9264E9E07009CDB7C /* CountriesAndCapitalsUITests */ = {
			isa = PBXGroup;
			children = (
				0D6B47EA264E9E07009CDB7C /* CountriesAndCapitalsUITests.swift */,
				0D6B47EC264E9E07009CDB7C /* Info.plist */,
			);
			path = CountriesAndCapitalsUITests;
			sourceTree = "<group>";
		};
		AD602275266A517B007FD591 /* Presentation */ = {
			isa = PBXGroup;
			children = (
				AD602276266A5184007FD591 /* CountriesAndCapital */,
			);
			path = Presentation;
			sourceTree = "<group>";
		};
		AD602276266A5184007FD591 /* CountriesAndCapital */ = {
			isa = PBXGroup;
			children = (
				AD602277266A518D007FD591 /* ViewModel */,
			);
			path = CountriesAndCapital;
			sourceTree = "<group>";
		};
		AD602277266A518D007FD591 /* ViewModel */ = {
			isa = PBXGroup;
			children = (
				AD602278266A519F007FD591 /* CountriesAndCapitalViewModelTests.swift */,
			);
			path = ViewModel;
			sourceTree = "<group>";
		};
		ADFA39122669B04B009A0859 /* Application */ = {
			isa = PBXGroup;
			children = (
				0D6B47C8264E9E06009CDB7C /* AppDelegate.swift */,
				0D6B47CA264E9E06009CDB7C /* SceneDelegate.swift */,
				ADFA39132669B05B009A0859 /* AppFlowCoordinator.swift */,
			);
			path = Application;
			sourceTree = "<group>";
		};
		ADFA39152669B13B009A0859 /* Presentation */ = {
			isa = PBXGroup;
			children = (
				ADFA39162669B145009A0859 /* CountriesAndCapital */,
			);
			path = Presentation;
			sourceTree = "<group>";
		};
		ADFA39162669B145009A0859 /* CountriesAndCapital */ = {
			isa = PBXGroup;
			children = (
				ADFA3942266A43EC009A0859 /* ViewModel */,
				ADFA3941266A43E3009A0859 /* Views */,
			);
			path = CountriesAndCapital;
			sourceTree = "<group>";
		};
		ADFA391D2669B57B009A0859 /* Support */ = {
			isa = PBXGroup;
			children = (
				0D6B47D1264E9E07009CDB7C /* Assets.xcassets */,
				0D6B47D3264E9E07009CDB7C /* LaunchScreen.storyboard */,
			);
			path = Support;
			sourceTree = "<group>";
		};
		ADFA391E2669B5C3009A0859 /* Domain */ = {
			isa = PBXGroup;
			children = (
				ADFA39202669B5E9009A0859 /* Entities */,
				ADFA392D2669B889009A0859 /* Interface */,
				ADFA392C2669B882009A0859 /* UseCase */,
			);
			path = Domain;
			sourceTree = "<group>";
		};
		ADFA391F2669B5CF009A0859 /* Data */ = {
			isa = PBXGroup;
			children = (
				ADFA39322669BAAE009A0859 /* Network */,
				ADFA39332669BAB9009A0859 /* Repository */,
			);
			path = Data;
			sourceTree = "<group>";
		};
		ADFA39202669B5E9009A0859 /* Entities */ = {
			isa = PBXGroup;
			children = (
				ADFA39212669B5FE009A0859 /* Country.swift */,
			);
			path = Entities;
			sourceTree = "<group>";
		};
		ADFA392C2669B882009A0859 /* UseCase */ = {
			isa = PBXGroup;
			children = (
				ADFA39282669B877009A0859 /* CountriesUseCase.swift */,
			);
			path = UseCase;
			sourceTree = "<group>";
		};
		ADFA392D2669B889009A0859 /* Interface */ = {
			isa = PBXGroup;
			children = (
				ADFA392A2669B87E009A0859 /* Repositories.swift */,
			);
			path = Interface;
			sourceTree = "<group>";
		};
		ADFA392E2669B8BE009A0859 /* DataMapping */ = {
			isa = PBXGroup;
			children = (
				ADFA39302669B8FD009A0859 /* CountryResponse.swift */,
			);
			path = DataMapping;
			sourceTree = "<group>";
		};
		ADFA39322669BAAE009A0859 /* Network */ = {
			isa = PBXGroup;
			children = (
				ADFA392E2669B8BE009A0859 /* DataMapping */,
				0DA97079264EA50E0070CBF6 /* CountryNetworkService.swift */,
			);
			path = Network;
			sourceTree = "<group>";
		};
		ADFA39332669BAB9009A0859 /* Repository */ = {
			isa = PBXGroup;
			children = (
				ADFA39342669BB15009A0859 /* CountryRepository.swift */,
			);
			path = Repository;
			sourceTree = "<group>";
		};
		ADFA39382669CCAE009A0859 /* DI */ = {
			isa = PBXGroup;
			children = (
				ADFA39392669CCB7009A0859 /* DIContainer.swift */,
			);
			path = DI;
			sourceTree = "<group>";
		};
		ADFA393D266A3FDC009A0859 /* Shared */ = {
			isa = PBXGroup;
			children = (
				ADFA393E266A3FE2009A0859 /* Extension */,
			);
			path = Shared;
			sourceTree = "<group>";
		};
		ADFA393E266A3FE2009A0859 /* Extension */ = {
			isa = PBXGroup;
			children = (
				ADFA393F266A3FF9009A0859 /* UICollectionView+Ext.swift */,
			);
			path = Extension;
			sourceTree = "<group>";
		};
		ADFA3941266A43E3009A0859 /* Views */ = {
			isa = PBXGroup;
			children = (
				0D6B47CC264E9E06009CDB7C /* CountriesAndCapitalsViewController.swift */,
				ADFA393B266A3C04009A0859 /* CountriesCollCell.swift */,
				ADFA3943266A43FC009A0859 /* CountriesShareView.swift */,
			);
			path = Views;
			sourceTree = "<group>";
		};
		ADFA3942266A43EC009A0859 /* ViewModel */ = {
			isa = PBXGroup;
			children = (
				ADFA39362669CC85009A0859 /* CountriesAndCapitalViewModel.swift */,
			);
			path = ViewModel;
			sourceTree = "<group>";
		};
		ADFA3945266A457B009A0859 /* Utils */ = {
			isa = PBXGroup;
			children = (
				ADFA3946266A4587009A0859 /* Observable.swift */,
			);
			path = Utils;
			sourceTree = "<group>";
		};
		ADFA3948266A4951009A0859 /* Domain */ = {
			isa = PBXGroup;
			children = (
				ADFA3949266A4958009A0859 /* UseCase */,
			);
			path = Domain;
			sourceTree = "<group>";
		};
		ADFA3949266A4958009A0859 /* UseCase */ = {
			isa = PBXGroup;
			children = (
				ADFA394A266A496F009A0859 /* CountriesUseCaseTests.swift */,
			);
			path = UseCase;
			sourceTree = "<group>";
		};
		E761905F9D62DAEA2C6E5B7E /* Frameworks */ = {
			isa = PBXGroup;
			children = (
				AD336B644CE2D6FE2E88E182 /* Pods_CountriesAndCapitals.framework */,
			);
			name = Frameworks;
			sourceTree = "<group>";
		};
/* End PBXGroup section */

/* Begin PBXNativeTarget section */
		0D6B47C4264E9E06009CDB7C /* CountriesAndCapitals */ = {
			isa = PBXNativeTarget;
			buildConfigurationList = 0D6B47EF264E9E07009CDB7C /* Build configuration list for PBXNativeTarget "CountriesAndCapitals" */;
			buildPhases = (
				0D6B47C1264E9E06009CDB7C /* Sources */,
				0D6B47C2264E9E06009CDB7C /* Frameworks */,
				0D6B47C3264E9E06009CDB7C /* Resources */,
			);
			buildRules = (
			);
			dependencies = (
			);
			name = CountriesAndCapitals;
			productName = CountriesAndCapitals;
			productReference = 0D6B47C5264E9E06009CDB7C /* CountriesAndCapitals.app */;
			productType = "com.apple.product-type.application";
		};
		0D6B47DA264E9E07009CDB7C /* CountriesAndCapitalsTests */ = {
			isa = PBXNativeTarget;
			buildConfigurationList = 0D6B47F2264E9E07009CDB7C /* Build configuration list for PBXNativeTarget "CountriesAndCapitalsTests" */;
			buildPhases = (
				0D6B47D7264E9E07009CDB7C /* Sources */,
				0D6B47D8264E9E07009CDB7C /* Frameworks */,
				0D6B47D9264E9E07009CDB7C /* Resources */,
			);
			buildRules = (
			);
			dependencies = (
				0D6B47DD264E9E07009CDB7C /* PBXTargetDependency */,
			);
			name = CountriesAndCapitalsTests;
			productName = CountriesAndCapitalsTests;
			productReference = 0D6B47DB264E9E07009CDB7C /* CountriesAndCapitalsTests.xctest */;
			productType = "com.apple.product-type.bundle.unit-test";
		};
		0D6B47E5264E9E07009CDB7C /* CountriesAndCapitalsUITests */ = {
			isa = PBXNativeTarget;
			buildConfigurationList = 0D6B47F5264E9E07009CDB7C /* Build configuration list for PBXNativeTarget "CountriesAndCapitalsUITests" */;
			buildPhases = (
				0D6B47E2264E9E07009CDB7C /* Sources */,
				0D6B47E3264E9E07009CDB7C /* Frameworks */,
				0D6B47E4264E9E07009CDB7C /* Resources */,
			);
			buildRules = (
			);
			dependencies = (
				0D6B47E8264E9E07009CDB7C /* PBXTargetDependency */,
			);
			name = CountriesAndCapitalsUITests;
			productName = CountriesAndCapitalsUITests;
			productReference = 0D6B47E6264E9E07009CDB7C /* CountriesAndCapitalsUITests.xctest */;
			productType = "com.apple.product-type.bundle.ui-testing";
		};
/* End PBXNativeTarget section */

/* Begin PBXProject section */
		0D6B47BD264E9E06009CDB7C /* Project object */ = {
			isa = PBXProject;
			attributes = {
				LastSwiftUpdateCheck = 1250;
				LastUpgradeCheck = 1250;
				ORGANIZATIONNAME = "Yoti Ltd";
				TargetAttributes = {
					0D6B47C4264E9E06009CDB7C = {
						CreatedOnToolsVersion = 12.5;
					};
					0D6B47DA264E9E07009CDB7C = {
						CreatedOnToolsVersion = 12.5;
						LastSwiftMigration = 1250;
						TestTargetID = 0D6B47C4264E9E06009CDB7C;
					};
					0D6B47E5264E9E07009CDB7C = {
						CreatedOnToolsVersion = 12.5;
						TestTargetID = 0D6B47C4264E9E06009CDB7C;
					};
				};
			};
			buildConfigurationList = 0D6B47C0264E9E06009CDB7C /* Build configuration list for PBXProject "CountriesAndCapitals" */;
			compatibilityVersion = "Xcode 9.3";
			developmentRegion = en;
			hasScannedForEncodings = 0;
			knownRegions = (
				en,
				Base,
			);
			mainGroup = 0D6B47BC264E9E06009CDB7C;
			productRefGroup = 0D6B47C6264E9E06009CDB7C /* Products */;
			projectDirPath = "";
			projectRoot = "";
			targets = (
				0D6B47C4264E9E06009CDB7C /* CountriesAndCapitals */,
				0D6B47DA264E9E07009CDB7C /* CountriesAndCapitalsTests */,
				0D6B47E5264E9E07009CDB7C /* CountriesAndCapitalsUITests */,
			);
		};
/* End PBXProject section */

/* Begin PBXResourcesBuildPhase section */
		0D6B47C3264E9E06009CDB7C /* Resources */ = {
			isa = PBXResourcesBuildPhase;
			buildActionMask = 2147483647;
			files = (
				0D6B47D5264E9E07009CDB7C /* LaunchScreen.storyboard in Resources */,
				0D6B47D2264E9E07009CDB7C /* Assets.xcassets in Resources */,
			);
			runOnlyForDeploymentPostprocessing = 0;
		};
		0D6B47D9264E9E07009CDB7C /* Resources */ = {
			isa = PBXResourcesBuildPhase;
			buildActionMask = 2147483647;
			files = (
			);
			runOnlyForDeploymentPostprocessing = 0;
		};
		0D6B47E4264E9E07009CDB7C /* Resources */ = {
			isa = PBXResourcesBuildPhase;
			buildActionMask = 2147483647;
			files = (
			);
			runOnlyForDeploymentPostprocessing = 0;
		};
/* End PBXResourcesBuildPhase section */

/* Begin PBXSourcesBuildPhase section */
		0D6B47C1264E9E06009CDB7C /* Sources */ = {
			isa = PBXSourcesBuildPhase;
			buildActionMask = 2147483647;
			files = (
				ADFA3947266A4587009A0859 /* Observable.swift in Sources */,
				ADFA39352669BB15009A0859 /* CountryRepository.swift in Sources */,
				0D6B47CD264E9E06009CDB7C /* CountriesAndCapitalsViewController.swift in Sources */,
				0DA9707A264EA50E0070CBF6 /* CountryNetworkService.swift in Sources */,
				ADFA39312669B8FD009A0859 /* CountryResponse.swift in Sources */,
				ADFA393A2669CCB7009A0859 /* DIContainer.swift in Sources */,
				ADFA39142669B05B009A0859 /* AppFlowCoordinator.swift in Sources */,
				ADFA39372669CC85009A0859 /* CountriesAndCapitalViewModel.swift in Sources */,
				0D6B47C9264E9E06009CDB7C /* AppDelegate.swift in Sources */,
				ADFA39222669B5FE009A0859 /* Country.swift in Sources */,
				ADFA392B2669B87E009A0859 /* Repositories.swift in Sources */,
				ADFA3940266A3FF9009A0859 /* UICollectionView+Ext.swift in Sources */,
				ADFA39292669B877009A0859 /* CountriesUseCase.swift in Sources */,
				0D6B47CB264E9E06009CDB7C /* SceneDelegate.swift in Sources */,
				ADFA393C266A3C04009A0859 /* CountriesCollCell.swift in Sources */,
				ADFA3944266A43FC009A0859 /* CountriesShareView.swift in Sources */,
			);
			runOnlyForDeploymentPostprocessing = 0;
		};
		0D6B47D7264E9E07009CDB7C /* Sources */ = {
			isa = PBXSourcesBuildPhase;
			buildActionMask = 2147483647;
			files = (
				AD602279266A519F007FD591 /* CountriesAndCapitalViewModelTests.swift in Sources */,
				ADFA394B266A496F009A0859 /* CountriesUseCaseTests.swift in Sources */,
			);
			runOnlyForDeploymentPostprocessing = 0;
		};
		0D6B47E2264E9E07009CDB7C /* Sources */ = {
			isa = PBXSourcesBuildPhase;
			buildActionMask = 2147483647;
			files = (
				0D6B47EB264E9E07009CDB7C /* CountriesAndCapitalsUITests.swift in Sources */,
			);
			runOnlyForDeploymentPostprocessing = 0;
		};
/* End PBXSourcesBuildPhase section */

/* Begin PBXTargetDependency section */
		0D6B47DD264E9E07009CDB7C /* PBXTargetDependency */ = {
			isa = PBXTargetDependency;
			target = 0D6B47C4264E9E06009CDB7C /* CountriesAndCapitals */;
			targetProxy = 0D6B47DC264E9E07009CDB7C /* PBXContainerItemProxy */;
		};
		0D6B47E8264E9E07009CDB7C /* PBXTargetDependency */ = {
			isa = PBXTargetDependency;
			target = 0D6B47C4264E9E06009CDB7C /* CountriesAndCapitals */;
			targetProxy = 0D6B47E7264E9E07009CDB7C /* PBXContainerItemProxy */;
		};
/* End PBXTargetDependency section */

/* Begin PBXVariantGroup section */
		0D6B47D3264E9E07009CDB7C /* LaunchScreen.storyboard */ = {
			isa = PBXVariantGroup;
			children = (
				0D6B47D4264E9E07009CDB7C /* Base */,
			);
			name = LaunchScreen.storyboard;
			sourceTree = "<group>";
		};
/* End PBXVariantGroup section */

/* Begin XCBuildConfiguration section */
		0D6B47ED264E9E07009CDB7C /* Debug */ = {
			isa = XCBuildConfiguration;
			buildSettings = {
				ALWAYS_SEARCH_USER_PATHS = NO;
				CLANG_ANALYZER_NONNULL = YES;
				CLANG_ANALYZER_NUMBER_OBJECT_CONVERSION = YES_AGGRESSIVE;
				CLANG_CXX_LANGUAGE_STANDARD = "gnu++14";
				CLANG_CXX_LIBRARY = "libc++";
				CLANG_ENABLE_MODULES = YES;
				CLANG_ENABLE_OBJC_ARC = YES;
				CLANG_ENABLE_OBJC_WEAK = YES;
				CLANG_WARN_BLOCK_CAPTURE_AUTORELEASING = YES;
				CLANG_WARN_BOOL_CONVERSION = YES;
				CLANG_WARN_COMMA = YES;
				CLANG_WARN_CONSTANT_CONVERSION = YES;
				CLANG_WARN_DEPRECATED_OBJC_IMPLEMENTATIONS = YES;
				CLANG_WARN_DIRECT_OBJC_ISA_USAGE = YES_ERROR;
				CLANG_WARN_DOCUMENTATION_COMMENTS = YES;
				CLANG_WARN_EMPTY_BODY = YES;
				CLANG_WARN_ENUM_CONVERSION = YES;
				CLANG_WARN_INFINITE_RECURSION = YES;
				CLANG_WARN_INT_CONVERSION = YES;
				CLANG_WARN_NON_LITERAL_NULL_CONVERSION = YES;
				CLANG_WARN_OBJC_IMPLICIT_RETAIN_SELF = YES;
				CLANG_WARN_OBJC_LITERAL_CONVERSION = YES;
				CLANG_WARN_OBJC_ROOT_CLASS = YES_ERROR;
				CLANG_WARN_QUOTED_INCLUDE_IN_FRAMEWORK_HEADER = YES;
				CLANG_WARN_RANGE_LOOP_ANALYSIS = YES;
				CLANG_WARN_STRICT_PROTOTYPES = YES;
				CLANG_WARN_SUSPICIOUS_MOVE = YES;
				CLANG_WARN_UNGUARDED_AVAILABILITY = YES_AGGRESSIVE;
				CLANG_WARN_UNREACHABLE_CODE = YES;
				CLANG_WARN__DUPLICATE_METHOD_MATCH = YES;
				COPY_PHASE_STRIP = NO;
				DEBUG_INFORMATION_FORMAT = dwarf;
				ENABLE_STRICT_OBJC_MSGSEND = YES;
				ENABLE_TESTABILITY = YES;
				GCC_C_LANGUAGE_STANDARD = gnu11;
				GCC_DYNAMIC_NO_PIC = NO;
				GCC_NO_COMMON_BLOCKS = YES;
				GCC_OPTIMIZATION_LEVEL = 0;
				GCC_PREPROCESSOR_DEFINITIONS = (
					"DEBUG=1",
					"$(inherited)",
				);
				GCC_WARN_64_TO_32_BIT_CONVERSION = YES;
				GCC_WARN_ABOUT_RETURN_TYPE = YES_ERROR;
				GCC_WARN_UNDECLARED_SELECTOR = YES;
				GCC_WARN_UNINITIALIZED_AUTOS = YES_AGGRESSIVE;
				GCC_WARN_UNUSED_FUNCTION = YES;
				GCC_WARN_UNUSED_VARIABLE = YES;
				IPHONEOS_DEPLOYMENT_TARGET = 14.5;
				MTL_ENABLE_DEBUG_INFO = INCLUDE_SOURCE;
				MTL_FAST_MATH = YES;
				ONLY_ACTIVE_ARCH = YES;
				SDKROOT = iphoneos;
				SWIFT_ACTIVE_COMPILATION_CONDITIONS = DEBUG;
				SWIFT_OPTIMIZATION_LEVEL = "-Onone";
			};
			name = Debug;
		};
		0D6B47EE264E9E07009CDB7C /* Release */ = {
			isa = XCBuildConfiguration;
			buildSettings = {
				ALWAYS_SEARCH_USER_PATHS = NO;
				CLANG_ANALYZER_NONNULL = YES;
				CLANG_ANALYZER_NUMBER_OBJECT_CONVERSION = YES_AGGRESSIVE;
				CLANG_CXX_LANGUAGE_STANDARD = "gnu++14";
				CLANG_CXX_LIBRARY = "libc++";
				CLANG_ENABLE_MODULES = YES;
				CLANG_ENABLE_OBJC_ARC = YES;
				CLANG_ENABLE_OBJC_WEAK = YES;
				CLANG_WARN_BLOCK_CAPTURE_AUTORELEASING = YES;
				CLANG_WARN_BOOL_CONVERSION = YES;
				CLANG_WARN_COMMA = YES;
				CLANG_WARN_CONSTANT_CONVERSION = YES;
				CLANG_WARN_DEPRECATED_OBJC_IMPLEMENTATIONS = YES;
				CLANG_WARN_DIRECT_OBJC_ISA_USAGE = YES_ERROR;
				CLANG_WARN_DOCUMENTATION_COMMENTS = YES;
				CLANG_WARN_EMPTY_BODY = YES;
				CLANG_WARN_ENUM_CONVERSION = YES;
				CLANG_WARN_INFINITE_RECURSION = YES;
				CLANG_WARN_INT_CONVERSION = YES;
				CLANG_WARN_NON_LITERAL_NULL_CONVERSION = YES;
				CLANG_WARN_OBJC_IMPLICIT_RETAIN_SELF = YES;
				CLANG_WARN_OBJC_LITERAL_CONVERSION = YES;
				CLANG_WARN_OBJC_ROOT_CLASS = YES_ERROR;
				CLANG_WARN_QUOTED_INCLUDE_IN_FRAMEWORK_HEADER = YES;
				CLANG_WARN_RANGE_LOOP_ANALYSIS = YES;
				CLANG_WARN_STRICT_PROTOTYPES = YES;
				CLANG_WARN_SUSPICIOUS_MOVE = YES;
				CLANG_WARN_UNGUARDED_AVAILABILITY = YES_AGGRESSIVE;
				CLANG_WARN_UNREACHABLE_CODE = YES;
				CLANG_WARN__DUPLICATE_METHOD_MATCH = YES;
				COPY_PHASE_STRIP = NO;
				DEBUG_INFORMATION_FORMAT = "dwarf-with-dsym";
				ENABLE_NS_ASSERTIONS = NO;
				ENABLE_STRICT_OBJC_MSGSEND = YES;
				GCC_C_LANGUAGE_STANDARD = gnu11;
				GCC_NO_COMMON_BLOCKS = YES;
				GCC_WARN_64_TO_32_BIT_CONVERSION = YES;
				GCC_WARN_ABOUT_RETURN_TYPE = YES_ERROR;
				GCC_WARN_UNDECLARED_SELECTOR = YES;
				GCC_WARN_UNINITIALIZED_AUTOS = YES_AGGRESSIVE;
				GCC_WARN_UNUSED_FUNCTION = YES;
				GCC_WARN_UNUSED_VARIABLE = YES;
				IPHONEOS_DEPLOYMENT_TARGET = 14.5;
				MTL_ENABLE_DEBUG_INFO = NO;
				MTL_FAST_MATH = YES;
				SDKROOT = iphoneos;
				SWIFT_COMPILATION_MODE = wholemodule;
				SWIFT_OPTIMIZATION_LEVEL = "-O";
				VALIDATE_PRODUCT = YES;
			};
			name = Release;
		};
		0D6B47F0264E9E07009CDB7C /* Debug */ = {
			isa = XCBuildConfiguration;
			buildSettings = {
				ASSETCATALOG_COMPILER_APPICON_NAME = AppIcon;
				ASSETCATALOG_COMPILER_GLOBAL_ACCENT_COLOR_NAME = AccentColor;
				CODE_SIGN_STYLE = Automatic;
				DEVELOPMENT_TEAM = 34AVHGP92L;
				INFOPLIST_FILE = CountriesAndCapitals/Info.plist;
				IPHONEOS_DEPLOYMENT_TARGET = 13.0;
				LD_RUNPATH_SEARCH_PATHS = (
					"$(inherited)",
					"@executable_path/Frameworks",
				);
				PRODUCT_BUNDLE_IDENTIFIER = com.yoti.mobile.ios.app.CountriesAndCapitals;
				PRODUCT_NAME = "$(TARGET_NAME)";
				SWIFT_VERSION = 5.0;
				TARGETED_DEVICE_FAMILY = 1;
			};
			name = Debug;
		};
		0D6B47F1264E9E07009CDB7C /* Release */ = {
			isa = XCBuildConfiguration;
			buildSettings = {
				ASSETCATALOG_COMPILER_APPICON_NAME = AppIcon;
				ASSETCATALOG_COMPILER_GLOBAL_ACCENT_COLOR_NAME = AccentColor;
				CODE_SIGN_STYLE = Automatic;
				DEVELOPMENT_TEAM = 34AVHGP92L;
				INFOPLIST_FILE = CountriesAndCapitals/Info.plist;
				IPHONEOS_DEPLOYMENT_TARGET = 13.0;
				LD_RUNPATH_SEARCH_PATHS = (
					"$(inherited)",
					"@executable_path/Frameworks",
				);
				PRODUCT_BUNDLE_IDENTIFIER = com.yoti.mobile.ios.app.CountriesAndCapitals;
				PRODUCT_NAME = "$(TARGET_NAME)";
				SWIFT_VERSION = 5.0;
				TARGETED_DEVICE_FAMILY = 1;
			};
			name = Release;
		};
		0D6B47F3264E9E07009CDB7C /* Debug */ = {
			isa = XCBuildConfiguration;
			buildSettings = {
				ALWAYS_EMBED_SWIFT_STANDARD_LIBRARIES = YES;
				BUNDLE_LOADER = "$(TEST_HOST)";
				CLANG_ENABLE_MODULES = YES;
				CODE_SIGN_STYLE = Automatic;
				DEVELOPMENT_TEAM = 34AVHGP92L;
				INFOPLIST_FILE = CountriesAndCapitalsTests/Info.plist;
				IPHONEOS_DEPLOYMENT_TARGET = 13.0;
				LD_RUNPATH_SEARCH_PATHS = (
					"$(inherited)",
					"@executable_path/Frameworks",
					"@loader_path/Frameworks",
				);
				PRODUCT_BUNDLE_IDENTIFIER = com.yoti.mobile.ios.app.CountriesAndCapitalsTests;
				PRODUCT_NAME = "$(TARGET_NAME)";
				SWIFT_OPTIMIZATION_LEVEL = "-Onone";
				SWIFT_VERSION = 5.0;
				TARGETED_DEVICE_FAMILY = "1,2";
				TEST_HOST = "$(BUILT_PRODUCTS_DIR)/CountriesAndCapitals.app/CountriesAndCapitals";
			};
			name = Debug;
		};
		0D6B47F4264E9E07009CDB7C /* Release */ = {
			isa = XCBuildConfiguration;
			buildSettings = {
				ALWAYS_EMBED_SWIFT_STANDARD_LIBRARIES = YES;
				BUNDLE_LOADER = "$(TEST_HOST)";
				CLANG_ENABLE_MODULES = YES;
				CODE_SIGN_STYLE = Automatic;
				DEVELOPMENT_TEAM = 34AVHGP92L;
				INFOPLIST_FILE = CountriesAndCapitalsTests/Info.plist;
				IPHONEOS_DEPLOYMENT_TARGET = 13.0;
				LD_RUNPATH_SEARCH_PATHS = (
					"$(inherited)",
					"@executable_path/Frameworks",
					"@loader_path/Frameworks",
				);
				PRODUCT_BUNDLE_IDENTIFIER = com.yoti.mobile.ios.app.CountriesAndCapitalsTests;
				PRODUCT_NAME = "$(TARGET_NAME)";
				SWIFT_VERSION = 5.0;
				TARGETED_DEVICE_FAMILY = "1,2";
				TEST_HOST = "$(BUILT_PRODUCTS_DIR)/CountriesAndCapitals.app/CountriesAndCapitals";
			};
			name = Release;
		};
		0D6B47F6264E9E07009CDB7C /* Debug */ = {
			isa = XCBuildConfiguration;
			buildSettings = {
				ALWAYS_EMBED_SWIFT_STANDARD_LIBRARIES = YES;
				CODE_SIGN_STYLE = Automatic;
				DEVELOPMENT_TEAM = 34AVHGP92L;
				INFOPLIST_FILE = CountriesAndCapitalsUITests/Info.plist;
				LD_RUNPATH_SEARCH_PATHS = (
					"$(inherited)",
					"@executable_path/Frameworks",
					"@loader_path/Frameworks",
				);
				PRODUCT_BUNDLE_IDENTIFIER = com.yoti.mobile.ios.app.CountriesAndCapitalsUITests;
				PRODUCT_NAME = "$(TARGET_NAME)";
				SWIFT_VERSION = 5.0;
				TARGETED_DEVICE_FAMILY = "1,2";
				TEST_TARGET_NAME = CountriesAndCapitals;
			};
			name = Debug;
		};
		0D6B47F7264E9E07009CDB7C /* Release */ = {
			isa = XCBuildConfiguration;
			buildSettings = {
				ALWAYS_EMBED_SWIFT_STANDARD_LIBRARIES = YES;
				CODE_SIGN_STYLE = Automatic;
				DEVELOPMENT_TEAM = 34AVHGP92L;
				INFOPLIST_FILE = CountriesAndCapitalsUITests/Info.plist;
				LD_RUNPATH_SEARCH_PATHS = (
					"$(inherited)",
					"@executable_path/Frameworks",
					"@loader_path/Frameworks",
				);
				PRODUCT_BUNDLE_IDENTIFIER = com.yoti.mobile.ios.app.CountriesAndCapitalsUITests;
				PRODUCT_NAME = "$(TARGET_NAME)";
				SWIFT_VERSION = 5.0;
				TARGETED_DEVICE_FAMILY = "1,2";
				TEST_TARGET_NAME = CountriesAndCapitals;
			};
			name = Release;
		};
/* End XCBuildConfiguration section */

/* Begin XCConfigurationList section */
		0D6B47C0264E9E06009CDB7C /* Build configuration list for PBXProject "CountriesAndCapitals" */ = {
			isa = XCConfigurationList;
			buildConfigurations = (
				0D6B47ED264E9E07009CDB7C /* Debug */,
				0D6B47EE264E9E07009CDB7C /* Release */,
			);
			defaultConfigurationIsVisible = 0;
			defaultConfigurationName = Release;
		};
		0D6B47EF264E9E07009CDB7C /* Build configuration list for PBXNativeTarget "CountriesAndCapitals" */ = {
			isa = XCConfigurationList;
			buildConfigurations = (
				0D6B47F0264E9E07009CDB7C /* Debug */,
				0D6B47F1264E9E07009CDB7C /* Release */,
			);
			defaultConfigurationIsVisible = 0;
			defaultConfigurationName = Release;
		};
		0D6B47F2264E9E07009CDB7C /* Build configuration list for PBXNativeTarget "CountriesAndCapitalsTests" */ = {
			isa = XCConfigurationList;
			buildConfigurations = (
				0D6B47F3264E9E07009CDB7C /* Debug */,
				0D6B47F4264E9E07009CDB7C /* Release */,
			);
			defaultConfigurationIsVisible = 0;
			defaultConfigurationName = Release;
		};
		0D6B47F5264E9E07009CDB7C /* Build configuration list for PBXNativeTarget "CountriesAndCapitalsUITests" */ = {
			isa = XCConfigurationList;
			buildConfigurations = (
				0D6B47F6264E9E07009CDB7C /* Debug */,
				0D6B47F7264E9E07009CDB7C /* Release */,
			);
			defaultConfigurationIsVisible = 0;
			defaultConfigurationName = Release;
		};
/* End XCConfigurationList section */
	};
	rootObject = 0D6B47BD264E9E06009CDB7C /* Project object */;
}
